
Microsoft Visual Studio Solution File, Format Version 12.00
# Visual Studio Version 16
VisualStudioVersion = 16.0.32802.440
MinimumVisualStudioVersion = 10.0.40219.1
Project("{9A19103F-16F7-4668-BE54-9A1E7A4F7556}") = "MyFirstProgram", "MyFirstProgram\MyFirstProgram.csproj", "{6BEA427C-3910-491D-9F57-C5A292AD95E1}"
EndProject
Project("{9A19103F-16F7-4668-BE54-9A1E7A4F7556}") = "lab1ex1", "lab1ex1\lab1ex1.csproj", "{25144D58-8870-4DDB-A29C-B5D04670814D}"
EndProject
Project("{9A19103F-16F7-4668-BE54-9A1E7A4F7556}") = "lab1ex2", "lab1ex2\lab1ex2.csproj", "{513E6176-D264-4F21-8A9C-E09FB1F3EAAF}"
EndProject
Project("{9A19103F-16F7-4668-BE54-9A1E7A4F7556}") = "lab1ex3", "lab1ex3\lab1ex3.csproj", "{D042ED97-23FB-40EF-8431-9E55FD67FE3A}"
EndProject
Project("{9A19103F-16F7-4668-BE54-9A1E7A4F7556}") = "lab1ex4", "lab1ex4\lab1ex4.csproj", "{37476F15-07D4-4D8D-A2D4-39D232FDBE01}"
EndProject
Project("{9A19103F-16F7-4668-BE54-9A1E7A4F7556}") = "lab1ex5", "lab1ex5\lab1ex5.csproj", "{FD886FD0-30CF-487F-BA97-8515FD19E453}"
EndProject
Project("{9A19103F-16F7-4668-BE54-9A1E7A4F7556}") = "lab1ex6", "lab1ex6\lab1ex6.csproj", "{08E6285C-4175-409B-8CDE-636C6D019D57}"
EndProject
Project("{9A19103F-16F7-4668-BE54-9A1E7A4F7556}") = "lab1ex7", "lab1ex7\lab1ex7.csproj", "{758DE751-61D5-405F-B80C-2523880050FE}"
EndProject
Project("{9A19103F-16F7-4668-BE54-9A1E7A4F7556}") = "lab1ex8", "lab1ex8\lab1ex8.csproj", "{7605DAC9-2BC8-421E-BBB7-1D4DBE5C7648}"
EndProject
Project("{9A19103F-16F7-4668-BE54-9A1E7A4F7556}") = "lab1ex9", "lab1ex9\lab1ex9.csproj", "{755C865F-9287-4459-AE50-FA2FBC00AF3F}"
EndProject
Project("{9A19103F-16F7-4668-BE54-9A1E7A4F7556}") = "lab1ex10", "lab1ex10\lab1ex10.csproj", "{0C9DFC8E-5E4B-4227-99B9-17BAEEDCEEFF}"
EndProject
Project("{9A19103F-16F7-4668-BE54-9A1E7A4F7556}") = "lab1ex11", "lab1ex11\lab1ex11.csproj", "{AEF690AE-11E7-463B-90E0-D9B256769AF7}"
EndProject
Project("{9A19103F-16F7-4668-BE54-9A1E7A4F7556}") = "lab2ex1", "lab2ex1\lab2ex1.csproj", "{B45EEEBF-EDE2-4D3E-BEB7-04BB8F5717A7}"
EndProject
Project("{9A19103F-16F7-4668-BE54-9A1E7A4F7556}") = "lab2ex2", "lab2ex2\lab2ex2.csproj", "{25232111-83D6-45B7-A4A2-6A98293F0824}"
EndProject
Project("{9A19103F-16F7-4668-BE54-9A1E7A4F7556}") = "lab2ex3", "lab2ex3\lab2ex3.csproj", "{D730F414-83B9-4D67-ABD4-8FC5111F5A2E}"
EndProject
Project("{9A19103F-16F7-4668-BE54-9A1E7A4F7556}") = "lab2ex4", "lab2ex4\lab2ex4.csproj", "{651CF15C-CEAF-49A8-81B4-46C113E37160}"
EndProject
Project("{9A19103F-16F7-4668-BE54-9A1E7A4F7556}") = "lab3ex1", "lab3ex1\lab3ex1.csproj", "{54CEE3E9-F9C9-4B6D-9971-BCCF5D8BFB38}"
EndProject
Project("{9A19103F-16F7-4668-BE54-9A1E7A4F7556}") = "lab3ex2", "lab3ex2\lab3ex2.csproj", "{2A200EF6-3683-42C0-BD13-CECB7D50A340}"
EndProject
Project("{9A19103F-16F7-4668-BE54-9A1E7A4F7556}") = "lab3ex3", "lab3ex3\lab3ex3.csproj", "{279E2C34-A031-414E-989F-2CC669EBAC74}"
EndProject
Project("{9A19103F-16F7-4668-BE54-9A1E7A4F7556}") = "lab3ex4", "lab3ex4\lab3ex4.csproj", "{BFE1DE20-68BE-4B81-B617-09E1980A6C5D}"
EndProject
Project("{9A19103F-16F7-4668-BE54-9A1E7A4F7556}") = "lab3ex5", "lab3ex5\lab3ex5.csproj", "{4A0B82F0-2ADA-424D-8522-F67D9CAC235C}"
EndProject
Project("{9A19103F-16F7-4668-BE54-9A1E7A4F7556}") = "lab4", "lab4\lab4.csproj", "{34BB2BAF-0E8C-4274-8EBF-0C6F53638BF8}"
EndProject
Project("{9A19103F-16F7-4668-BE54-9A1E7A4F7556}") = "lab5", "lab5\lab5.csproj", "{E1A2B471-71FB-4378-BA6E-CA65A527090D}"
EndProject
Project("{FAE04EC0-301F-11D3-BF4B-00C04F79EFBC}") = "lab6", "lab6\lab6.csproj", "{EFA77AB2-642A-4DCD-8F78-3313C013F2D1}"
EndProject
Project("{FAE04EC0-301F-11D3-BF4B-00C04F79EFBC}") = "lab7", "lab7\lab7.csproj", "{1D1440D6-40A3-4DC1-AF8A-DF098A96C4B3}"
EndProject
Project("{FAE04EC0-301F-11D3-BF4B-00C04F79EFBC}") = "lab8", "lab8\lab8.csproj", "{2E72ACD6-3795-4155-A753-DBC82E05AAF4}"
EndProject
Global
	GlobalSection(SolutionConfigurationPlatforms) = preSolution
		Debug|Any CPU = Debug|Any CPU
		Release|Any CPU = Release|Any CPU
	EndGlobalSection
	GlobalSection(ProjectConfigurationPlatforms) = postSolution
		{6BEA427C-3910-491D-9F57-C5A292AD95E1}.Debug|Any CPU.ActiveCfg = Debug|Any CPU
		{6BEA427C-3910-491D-9F57-C5A292AD95E1}.Debug|Any CPU.Build.0 = Debug|Any CPU
		{6BEA427C-3910-491D-9F57-C5A292AD95E1}.Release|Any CPU.ActiveCfg = Release|Any CPU
		{6BEA427C-3910-491D-9F57-C5A292AD95E1}.Release|Any CPU.Build.0 = Release|Any CPU
		{25144D58-8870-4DDB-A29C-B5D04670814D}.Debug|Any CPU.ActiveCfg = Debug|Any CPU
		{25144D58-8870-4DDB-A29C-B5D04670814D}.Debug|Any CPU.Build.0 = Debug|Any CPU
		{25144D58-8870-4DDB-A29C-B5D04670814D}.Release|Any CPU.ActiveCfg = Release|Any CPU
		{25144D58-8870-4DDB-A29C-B5D04670814D}.Release|Any CPU.Build.0 = Release|Any CPU
		{513E6176-D264-4F21-8A9C-E09FB1F3EAAF}.Debug|Any CPU.ActiveCfg = Debug|Any CPU
		{513E6176-D264-4F21-8A9C-E09FB1F3EAAF}.Debug|Any CPU.Build.0 = Debug|Any CPU
		{513E6176-D264-4F21-8A9C-E09FB1F3EAAF}.Release|Any CPU.ActiveCfg = Release|Any CPU
		{513E6176-D264-4F21-8A9C-E09FB1F3EAAF}.Release|Any CPU.Build.0 = Release|Any CPU
		{D042ED97-23FB-40EF-8431-9E55FD67FE3A}.Debug|Any CPU.ActiveCfg = Debug|Any CPU
		{D042ED97-23FB-40EF-8431-9E55FD67FE3A}.Debug|Any CPU.Build.0 = Debug|Any CPU
		{D042ED97-23FB-40EF-8431-9E55FD67FE3A}.Release|Any CPU.ActiveCfg = Release|Any CPU
		{D042ED97-23FB-40EF-8431-9E55FD67FE3A}.Release|Any CPU.Build.0 = Release|Any CPU
		{37476F15-07D4-4D8D-A2D4-39D232FDBE01}.Debug|Any CPU.ActiveCfg = Debug|Any CPU
		{37476F15-07D4-4D8D-A2D4-39D232FDBE01}.Debug|Any CPU.Build.0 = Debug|Any CPU
		{37476F15-07D4-4D8D-A2D4-39D232FDBE01}.Release|Any CPU.ActiveCfg = Release|Any CPU
		{37476F15-07D4-4D8D-A2D4-39D232FDBE01}.Release|Any CPU.Build.0 = Release|Any CPU
		{FD886FD0-30CF-487F-BA97-8515FD19E453}.Debug|Any CPU.ActiveCfg = Debug|Any CPU
		{FD886FD0-30CF-487F-BA97-8515FD19E453}.Debug|Any CPU.Build.0 = Debug|Any CPU
		{FD886FD0-30CF-487F-BA97-8515FD19E453}.Release|Any CPU.ActiveCfg = Release|Any CPU
		{FD886FD0-30CF-487F-BA97-8515FD19E453}.Release|Any CPU.Build.0 = Release|Any CPU
		{08E6285C-4175-409B-8CDE-636C6D019D57}.Debug|Any CPU.ActiveCfg = Debug|Any CPU
		{08E6285C-4175-409B-8CDE-636C6D019D57}.Debug|Any CPU.Build.0 = Debug|Any CPU
		{08E6285C-4175-409B-8CDE-636C6D019D57}.Release|Any CPU.ActiveCfg = Release|Any CPU
		{08E6285C-4175-409B-8CDE-636C6D019D57}.Release|Any CPU.Build.0 = Release|Any CPU
		{758DE751-61D5-405F-B80C-2523880050FE}.Debug|Any CPU.ActiveCfg = Debug|Any CPU
		{758DE751-61D5-405F-B80C-2523880050FE}.Debug|Any CPU.Build.0 = Debug|Any CPU
		{758DE751-61D5-405F-B80C-2523880050FE}.Release|Any CPU.ActiveCfg = Release|Any CPU
		{758DE751-61D5-405F-B80C-2523880050FE}.Release|Any CPU.Build.0 = Release|Any CPU
		{7605DAC9-2BC8-421E-BBB7-1D4DBE5C7648}.Debug|Any CPU.ActiveCfg = Debug|Any CPU
		{7605DAC9-2BC8-421E-BBB7-1D4DBE5C7648}.Debug|Any CPU.Build.0 = Debug|Any CPU
		{7605DAC9-2BC8-421E-BBB7-1D4DBE5C7648}.Release|Any CPU.ActiveCfg = Release|Any CPU
		{7605DAC9-2BC8-421E-BBB7-1D4DBE5C7648}.Release|Any CPU.Build.0 = Release|Any CPU
		{755C865F-9287-4459-AE50-FA2FBC00AF3F}.Debug|Any CPU.ActiveCfg = Debug|Any CPU
		{755C865F-9287-4459-AE50-FA2FBC00AF3F}.Debug|Any CPU.Build.0 = Debug|Any CPU
		{755C865F-9287-4459-AE50-FA2FBC00AF3F}.Release|Any CPU.ActiveCfg = Release|Any CPU
		{755C865F-9287-4459-AE50-FA2FBC00AF3F}.Release|Any CPU.Build.0 = Release|Any CPU
		{0C9DFC8E-5E4B-4227-99B9-17BAEEDCEEFF}.Debug|Any CPU.ActiveCfg = Debug|Any CPU
		{0C9DFC8E-5E4B-4227-99B9-17BAEEDCEEFF}.Debug|Any CPU.Build.0 = Debug|Any CPU
		{0C9DFC8E-5E4B-4227-99B9-17BAEEDCEEFF}.Release|Any CPU.ActiveCfg = Release|Any CPU
		{0C9DFC8E-5E4B-4227-99B9-17BAEEDCEEFF}.Release|Any CPU.Build.0 = Release|Any CPU
		{AEF690AE-11E7-463B-90E0-D9B256769AF7}.Debug|Any CPU.ActiveCfg = Debug|Any CPU
		{AEF690AE-11E7-463B-90E0-D9B256769AF7}.Debug|Any CPU.Build.0 = Debug|Any CPU
		{AEF690AE-11E7-463B-90E0-D9B256769AF7}.Release|Any CPU.ActiveCfg = Release|Any CPU
		{AEF690AE-11E7-463B-90E0-D9B256769AF7}.Release|Any CPU.Build.0 = Release|Any CPU
		{B45EEEBF-EDE2-4D3E-BEB7-04BB8F5717A7}.Debug|Any CPU.ActiveCfg = Debug|Any CPU
		{B45EEEBF-EDE2-4D3E-BEB7-04BB8F5717A7}.Debug|Any CPU.Build.0 = Debug|Any CPU
		{B45EEEBF-EDE2-4D3E-BEB7-04BB8F5717A7}.Release|Any CPU.ActiveCfg = Release|Any CPU
		{B45EEEBF-EDE2-4D3E-BEB7-04BB8F5717A7}.Release|Any CPU.Build.0 = Release|Any CPU
		{25232111-83D6-45B7-A4A2-6A98293F0824}.Debug|Any CPU.ActiveCfg = Debug|Any CPU
		{25232111-83D6-45B7-A4A2-6A98293F0824}.Debug|Any CPU.Build.0 = Debug|Any CPU
		{25232111-83D6-45B7-A4A2-6A98293F0824}.Release|Any CPU.ActiveCfg = Release|Any CPU
		{25232111-83D6-45B7-A4A2-6A98293F0824}.Release|Any CPU.Build.0 = Release|Any CPU
		{D730F414-83B9-4D67-ABD4-8FC5111F5A2E}.Debug|Any CPU.ActiveCfg = Debug|Any CPU
		{D730F414-83B9-4D67-ABD4-8FC5111F5A2E}.Debug|Any CPU.Build.0 = Debug|Any CPU
		{D730F414-83B9-4D67-ABD4-8FC5111F5A2E}.Release|Any CPU.ActiveCfg = Release|Any CPU
		{D730F414-83B9-4D67-ABD4-8FC5111F5A2E}.Release|Any CPU.Build.0 = Release|Any CPU
		{651CF15C-CEAF-49A8-81B4-46C113E37160}.Debug|Any CPU.ActiveCfg = Debug|Any CPU
		{651CF15C-CEAF-49A8-81B4-46C113E37160}.Debug|Any CPU.Build.0 = Debug|Any CPU
		{651CF15C-CEAF-49A8-81B4-46C113E37160}.Release|Any CPU.ActiveCfg = Release|Any CPU
		{651CF15C-CEAF-49A8-81B4-46C113E37160}.Release|Any CPU.Build.0 = Release|Any CPU
		{54CEE3E9-F9C9-4B6D-9971-BCCF5D8BFB38}.Debug|Any CPU.ActiveCfg = Debug|Any CPU
		{54CEE3E9-F9C9-4B6D-9971-BCCF5D8BFB38}.Debug|Any CPU.Build.0 = Debug|Any CPU
		{54CEE3E9-F9C9-4B6D-9971-BCCF5D8BFB38}.Release|Any CPU.ActiveCfg = Release|Any CPU
		{54CEE3E9-F9C9-4B6D-9971-BCCF5D8BFB38}.Release|Any CPU.Build.0 = Release|Any CPU
		{2A200EF6-3683-42C0-BD13-CECB7D50A340}.Debug|Any CPU.ActiveCfg = Debug|Any CPU
		{2A200EF6-3683-42C0-BD13-CECB7D50A340}.Debug|Any CPU.Build.0 = Debug|Any CPU
		{2A200EF6-3683-42C0-BD13-CECB7D50A340}.Release|Any CPU.ActiveCfg = Release|Any CPU
		{2A200EF6-3683-42C0-BD13-CECB7D50A340}.Release|Any CPU.Build.0 = Release|Any CPU
		{279E2C34-A031-414E-989F-2CC669EBAC74}.Debug|Any CPU.ActiveCfg = Debug|Any CPU
		{279E2C34-A031-414E-989F-2CC669EBAC74}.Debug|Any CPU.Build.0 = Debug|Any CPU
		{279E2C34-A031-414E-989F-2CC669EBAC74}.Release|Any CPU.ActiveCfg = Release|Any CPU
		{279E2C34-A031-414E-989F-2CC669EBAC74}.Release|Any CPU.Build.0 = Release|Any CPU
		{BFE1DE20-68BE-4B81-B617-09E1980A6C5D}.Debug|Any CPU.ActiveCfg = Debug|Any CPU
		{BFE1DE20-68BE-4B81-B617-09E1980A6C5D}.Debug|Any CPU.Build.0 = Debug|Any CPU
		{BFE1DE20-68BE-4B81-B617-09E1980A6C5D}.Release|Any CPU.ActiveCfg = Release|Any CPU
		{BFE1DE20-68BE-4B81-B617-09E1980A6C5D}.Release|Any CPU.Build.0 = Release|Any CPU
		{4A0B82F0-2ADA-424D-8522-F67D9CAC235C}.Debug|Any CPU.ActiveCfg = Debug|Any CPU
		{4A0B82F0-2ADA-424D-8522-F67D9CAC235C}.Debug|Any CPU.Build.0 = Debug|Any CPU
		{4A0B82F0-2ADA-424D-8522-F67D9CAC235C}.Release|Any CPU.ActiveCfg = Release|Any CPU
		{4A0B82F0-2ADA-424D-8522-F67D9CAC235C}.Release|Any CPU.Build.0 = Release|Any CPU
		{34BB2BAF-0E8C-4274-8EBF-0C6F53638BF8}.Debug|Any CPU.ActiveCfg = Debug|Any CPU
		{34BB2BAF-0E8C-4274-8EBF-0C6F53638BF8}.Debug|Any CPU.Build.0 = Debug|Any CPU
		{34BB2BAF-0E8C-4274-8EBF-0C6F53638BF8}.Release|Any CPU.ActiveCfg = Release|Any CPU
		{34BB2BAF-0E8C-4274-8EBF-0C6F53638BF8}.Release|Any CPU.Build.0 = Release|Any CPU
		{E1A2B471-71FB-4378-BA6E-CA65A527090D}.Debug|Any CPU.ActiveCfg = Debug|Any CPU
		{E1A2B471-71FB-4378-BA6E-CA65A527090D}.Debug|Any CPU.Build.0 = Debug|Any CPU
		{E1A2B471-71FB-4378-BA6E-CA65A527090D}.Release|Any CPU.ActiveCfg = Release|Any CPU
		{E1A2B471-71FB-4378-BA6E-CA65A527090D}.Release|Any CPU.Build.0 = Release|Any CPU
		{EFA77AB2-642A-4DCD-8F78-3313C013F2D1}.Debug|Any CPU.ActiveCfg = Debug|Any CPU
		{EFA77AB2-642A-4DCD-8F78-3313C013F2D1}.Debug|Any CPU.Build.0 = Debug|Any CPU
		{EFA77AB2-642A-4DCD-8F78-3313C013F2D1}.Release|Any CPU.ActiveCfg = Release|Any CPU
		{EFA77AB2-642A-4DCD-8F78-3313C013F2D1}.Release|Any CPU.Build.0 = Release|Any CPU
		{1D1440D6-40A3-4DC1-AF8A-DF098A96C4B3}.Debug|Any CPU.ActiveCfg = Debug|Any CPU
		{1D1440D6-40A3-4DC1-AF8A-DF098A96C4B3}.Debug|Any CPU.Build.0 = Debug|Any CPU
		{1D1440D6-40A3-4DC1-AF8A-DF098A96C4B3}.Release|Any CPU.ActiveCfg = Release|Any CPU
		{1D1440D6-40A3-4DC1-AF8A-DF098A96C4B3}.Release|Any CPU.Build.0 = Release|Any CPU
		{2E72ACD6-3795-4155-A753-DBC82E05AAF4}.Debug|Any CPU.ActiveCfg = Debug|Any CPU
		{2E72ACD6-3795-4155-A753-DBC82E05AAF4}.Debug|Any CPU.Build.0 = Debug|Any CPU
		{2E72ACD6-3795-4155-A753-DBC82E05AAF4}.Release|Any CPU.ActiveCfg = Release|Any CPU
		{2E72ACD6-3795-4155-A753-DBC82E05AAF4}.Release|Any CPU.Build.0 = Release|Any CPU
	EndGlobalSection
	GlobalSection(SolutionProperties) = preSolution
		HideSolutionNode = FALSE
	EndGlobalSection
	GlobalSection(ExtensibilityGlobals) = postSolution
		SolutionGuid = {4E32DC86-7281-42E5-A17C-217E55F3F27C}
	EndGlobalSection
EndGlobal
